
Microsoft Visual Studio Solution File, Format Version 12.00
# Visual Studio 15
VisualStudioVersion = 15.0.28307.421
MinimumVisualStudioVersion = 10.0.40219.1
Project("{FAE04EC0-301F-11D3-BF4B-00C04F79EFBC}") = "CoreTest", "CoreTest\CoreTest.csproj", "{105A8EC2-D0C0-45B6-A0D5-CAAD7EB183D3}"
EndProject
Global
	GlobalSection(SolutionConfigurationPlatforms) = preSolution
		Debug|Any CPU = Debug|Any CPU
		Release|Any CPU = Release|Any CPU
	EndGlobalSection
	GlobalSection(ProjectConfigurationPlatforms) = postSolution
		{105A8EC2-D0C0-45B6-A0D5-CAAD7EB183D3}.Debug|Any CPU.ActiveCfg = Debug|Any CPU
		{105A8EC2-D0C0-45B6-A0D5-CAAD7EB183D3}.Debug|Any CPU.Build.0 = Debug|Any CPU
		{105A8EC2-D0C0-45B6-A0D5-CAAD7EB183D3}.Release|Any CPU.ActiveCfg = Release|Any CPU
		{105A8EC2-D0C0-45B6-A0D5-CAAD7EB183D3}.Release|Any CPU.Build.0 = Release|Any CPU
	EndGlobalSection
	GlobalSection(SolutionProperties) = preSolution
		HideSolutionNode = FALSE
	EndGlobalSection
	GlobalSection(ExtensibilityGlobals) = postSolution
		SolutionGuid = {60A52005-CFB2-4CCA-888F-AAE9941C7D20}
	EndGlobalSection
EndGlobal
